
Microsoft Visual Studio Solution File, Format Version 12.00
# Visual Studio 15
VisualStudioVersion = 15.0.28307.1000
MinimumVisualStudioVersion = 10.0.40219.1
Project("{FAE04EC0-301F-11D3-BF4B-00C04F79EFBC}") = "TestAssessment", "TestAssessment\TestAssessment.csproj", "{004DA81D-DD59-4927-BDDE-8E42E302557D}"
EndProject
Project("{FAE04EC0-301F-11D3-BF4B-00C04F79EFBC}") = "TestAssessment.Tests", "TestAssessment.Tests\TestAssessment.Tests.csproj", "{81404726-E3A1-42A9-B024-F38FAFD34F47}"
EndProject
Global
	GlobalSection(SolutionConfigurationPlatforms) = preSolution
		Debug|Any CPU = Debug|Any CPU
		Release|Any CPU = Release|Any CPU
	EndGlobalSection
	GlobalSection(ProjectConfigurationPlatforms) = postSolution
		{004DA81D-DD59-4927-BDDE-8E42E302557D}.Debug|Any CPU.ActiveCfg = Debug|Any CPU
		{004DA81D-DD59-4927-BDDE-8E42E302557D}.Debug|Any CPU.Build.0 = Debug|Any CPU
		{004DA81D-DD59-4927-BDDE-8E42E302557D}.Release|Any CPU.ActiveCfg = Release|Any CPU
		{004DA81D-DD59-4927-BDDE-8E42E302557D}.Release|Any CPU.Build.0 = Release|Any CPU
		{81404726-E3A1-42A9-B024-F38FAFD34F47}.Debug|Any CPU.ActiveCfg = Debug|Any CPU
		{81404726-E3A1-42A9-B024-F38FAFD34F47}.Debug|Any CPU.Build.0 = Debug|Any CPU
		{81404726-E3A1-42A9-B024-F38FAFD34F47}.Release|Any CPU.ActiveCfg = Release|Any CPU
		{81404726-E3A1-42A9-B024-F38FAFD34F47}.Release|Any CPU.Build.0 = Release|Any CPU
	EndGlobalSection
	GlobalSection(SolutionProperties) = preSolution
		HideSolutionNode = FALSE
	EndGlobalSection
	GlobalSection(ExtensibilityGlobals) = postSolution
		SolutionGuid = {5A386CD6-EDAC-4530-A952-EC185F80FC70}
	EndGlobalSection
EndGlobal
